
Microsoft Visual Studio Solution File, Format Version 12.00
# Visual Studio Version 16
VisualStudioVersion = 16.0.32510.428
MinimumVisualStudioVersion = 10.0.40219.1
Project("{FAE04EC0-301F-11D3-BF4B-00C04F79EFBC}") = "ESCP_Birthsigns_Abilities", "ESCP_Birthsigns_Abilities\ESCP_Birthsigns_Abilities.csproj", "{2126260D-7480-4F49-996C-B6FE5444859C}"
EndProject
Global
	GlobalSection(SolutionConfigurationPlatforms) = preSolution
		Debug|Any CPU = Debug|Any CPU
		Release|Any CPU = Release|Any CPU
	EndGlobalSection
	GlobalSection(ProjectConfigurationPlatforms) = postSolution
		{2126260D-7480-4F49-996C-B6FE5444859C}.Debug|Any CPU.ActiveCfg = Debug|Any CPU
		{2126260D-7480-4F49-996C-B6FE5444859C}.Debug|Any CPU.Build.0 = Debug|Any CPU
		{2126260D-7480-4F49-996C-B6FE5444859C}.Release|Any CPU.ActiveCfg = Release|Any CPU
		{2126260D-7480-4F49-996C-B6FE5444859C}.Release|Any CPU.Build.0 = Release|Any CPU
	EndGlobalSection
	GlobalSection(SolutionProperties) = preSolution
		HideSolutionNode = FALSE
	EndGlobalSection
	GlobalSection(ExtensibilityGlobals) = postSolution
		SolutionGuid = {289C92F3-E68D-4153-9C21-DD3D803FFC32}
	EndGlobalSection
EndGlobal
