
Microsoft Visual Studio Solution File, Format Version 12.00
# Visual Studio Version 16
VisualStudioVersion = 16.0.32510.428
MinimumVisualStudioVersion = 10.0.40219.1
Project("{FAE04EC0-301F-11D3-BF4B-00C04F79EFBC}") = "ESCP_Birthsigns", "ESCP_Birthsigns\ESCP_Birthsigns.csproj", "{0916A00E-84F5-4FA1-96E0-C68BDB5E5454}"
EndProject
Global
	GlobalSection(SolutionConfigurationPlatforms) = preSolution
		Debug|Any CPU = Debug|Any CPU
		Release|Any CPU = Release|Any CPU
	EndGlobalSection
	GlobalSection(ProjectConfigurationPlatforms) = postSolution
		{0916A00E-84F5-4FA1-96E0-C68BDB5E5454}.Debug|Any CPU.ActiveCfg = Debug|Any CPU
		{0916A00E-84F5-4FA1-96E0-C68BDB5E5454}.Debug|Any CPU.Build.0 = Debug|Any CPU
		{0916A00E-84F5-4FA1-96E0-C68BDB5E5454}.Release|Any CPU.ActiveCfg = Release|Any CPU
		{0916A00E-84F5-4FA1-96E0-C68BDB5E5454}.Release|Any CPU.Build.0 = Release|Any CPU
	EndGlobalSection
	GlobalSection(SolutionProperties) = preSolution
		HideSolutionNode = FALSE
	EndGlobalSection
	GlobalSection(ExtensibilityGlobals) = postSolution
		SolutionGuid = {59CAE84B-0280-4308-83AF-5A8C8B32C006}
	EndGlobalSection
EndGlobal
