
Microsoft Visual Studio Solution File, Format Version 12.00
# Visual Studio Version 16
VisualStudioVersion = 16.0.30717.126
MinimumVisualStudioVersion = 10.0.40219.1
Project("{FAE04EC0-301F-11D3-BF4B-00C04F79EFBC}") = "LeaveResourcesOnDeath", "LeaveResourcesOnDeath\LeaveResourcesOnDeath.csproj", "{7905F775-367E-48F7-8751-5A887223EC9F}"
EndProject
Global
	GlobalSection(SolutionConfigurationPlatforms) = preSolution
		Debug|Any CPU = Debug|Any CPU
		Release|Any CPU = Release|Any CPU
	EndGlobalSection
	GlobalSection(ProjectConfigurationPlatforms) = postSolution
		{7905F775-367E-48F7-8751-5A887223EC9F}.Debug|Any CPU.ActiveCfg = Debug|Any CPU
		{7905F775-367E-48F7-8751-5A887223EC9F}.Debug|Any CPU.Build.0 = Debug|Any CPU
		{7905F775-367E-48F7-8751-5A887223EC9F}.Release|Any CPU.ActiveCfg = Release|Any CPU
		{7905F775-367E-48F7-8751-5A887223EC9F}.Release|Any CPU.Build.0 = Release|Any CPU
	EndGlobalSection
	GlobalSection(SolutionProperties) = preSolution
		HideSolutionNode = FALSE
	EndGlobalSection
	GlobalSection(ExtensibilityGlobals) = postSolution
		SolutionGuid = {DEF295AE-7754-498E-B9D7-4338905E9334}
	EndGlobalSection
EndGlobal
