
Microsoft Visual Studio Solution File, Format Version 12.00
# Visual Studio Version 16
VisualStudioVersion = 16.0.30717.126
MinimumVisualStudioVersion = 10.0.40219.1
Project("{FAE04EC0-301F-11D3-BF4B-00C04F79EFBC}") = "ESCP_Barrier", "ESCP_Barrier\ESCP_Barrier.csproj", "{AA353991-600B-4E1F-9A5F-69A439BEEDB1}"
EndProject
Global
	GlobalSection(SolutionConfigurationPlatforms) = preSolution
		Debug|Any CPU = Debug|Any CPU
		Release|Any CPU = Release|Any CPU
	EndGlobalSection
	GlobalSection(ProjectConfigurationPlatforms) = postSolution
		{AA353991-600B-4E1F-9A5F-69A439BEEDB1}.Debug|Any CPU.ActiveCfg = Debug|Any CPU
		{AA353991-600B-4E1F-9A5F-69A439BEEDB1}.Debug|Any CPU.Build.0 = Debug|Any CPU
		{AA353991-600B-4E1F-9A5F-69A439BEEDB1}.Release|Any CPU.ActiveCfg = Release|Any CPU
		{AA353991-600B-4E1F-9A5F-69A439BEEDB1}.Release|Any CPU.Build.0 = Release|Any CPU
	EndGlobalSection
	GlobalSection(SolutionProperties) = preSolution
		HideSolutionNode = FALSE
	EndGlobalSection
	GlobalSection(ExtensibilityGlobals) = postSolution
		SolutionGuid = {3B43109F-E3D7-475D-90D3-15B04A075483}
	EndGlobalSection
EndGlobal
