
Microsoft Visual Studio Solution File, Format Version 12.00
# Visual Studio Version 16
VisualStudioVersion = 16.0.30717.126
MinimumVisualStudioVersion = 10.0.40219.1
Project("{FAE04EC0-301F-11D3-BF4B-00C04F79EFBC}") = "DessicateOnDeath", "DessicateOnDeath\DessicateOnDeath.csproj", "{1D4CDA93-41A5-4741-9017-AB2534869203}"
EndProject
Global
	GlobalSection(SolutionConfigurationPlatforms) = preSolution
		Debug|Any CPU = Debug|Any CPU
		Release|Any CPU = Release|Any CPU
	EndGlobalSection
	GlobalSection(ProjectConfigurationPlatforms) = postSolution
		{1D4CDA93-41A5-4741-9017-AB2534869203}.Debug|Any CPU.ActiveCfg = Debug|Any CPU
		{1D4CDA93-41A5-4741-9017-AB2534869203}.Debug|Any CPU.Build.0 = Debug|Any CPU
		{1D4CDA93-41A5-4741-9017-AB2534869203}.Release|Any CPU.ActiveCfg = Release|Any CPU
		{1D4CDA93-41A5-4741-9017-AB2534869203}.Release|Any CPU.Build.0 = Release|Any CPU
	EndGlobalSection
	GlobalSection(SolutionProperties) = preSolution
		HideSolutionNode = FALSE
	EndGlobalSection
	GlobalSection(ExtensibilityGlobals) = postSolution
		SolutionGuid = {391AB8D0-7131-46B8-9EFB-3916D4F9772C}
	EndGlobalSection
EndGlobal
